<Solution>
  <Folder Name="/src/">
    <Project Path="src/HireBot.Abstraction/HireBot.Abstraction.csproj" />
    <Project Path="src/HireBot.ApiService/HireBot.ApiService.csproj" />
    <Project Path="src/HireBot.Core/HireBot.Core.csproj" />
    <Project Path="src/HireBot.EfCoreMigration/HireBot.EfCoreMigration.csproj" />
    <Project Path="src/HireBot.Repository/HireBot.Repository.csproj" />
  </Folder>
  <Project Path="HireBot.AppHost/HireBot.AppHost.csproj" />
  <Project Path="HireBot.ServiceDefaults/HireBot.ServiceDefaults.csproj" />
</Solution>
